github.com/d5/tengo/v2 v2.16.1 h1:/N6dqiGu9toqANInZEOQMM8I06icdZnmb+81DG/lZdw=
github.com/d5/tengo/v2 v2.16.1/go.mod h1:XRGjEs5I9jYIKTxly6HCF8oiiilk5E/RYXOZ5b0DZC8=
go.starlark.net v0.0.0-20231121155337-90ade8b19d09 h1:hzy3LFnSN8kuQK8h9tHl4ndF6UruMj47OqwqsS+/Ai4=
go.starlark.net v0.0.0-20231121155337-90ade8b19d09/go.mod h1:LcLNIzVOMp4oV+uusnpk+VU+SzXaJakUuBjoCSWH5dM=
golang.org/x/sys v0.0.0-20220715151400-c0bba94af5f8 h1:0A+M6Uqn+Eje4kHMK80dtF3JCXC4ykBgQG4Fe06QRhQ=
golang.org/x/sys v0.0.0-20220715151400-c0bba94af5f8/go.mod h1:oPkhp1MJrh7nUepCBck5+mAzfO9JrbApNNgaTdGDITg=
